
Microsoft Visual Studio Solution File, Format Version 12.00
# Visual Studio Version 16
VisualStudioVersion = 16.0.30717.126
MinimumVisualStudioVersion = 10.0.40219.1
Project("{9A19103F-16F7-4668-BE54-9A1E7A4F7556}") = "Fac.Presentation.Blazor", "Fac.Presentation.Blazor.csproj", "{B4936529-E7A4-4B10-9032-62B0D83A046D}"
EndProject
Global
	GlobalSection(SolutionConfigurationPlatforms) = preSolution
		Debug|Any CPU = Debug|Any CPU
		Release|Any CPU = Release|Any CPU
	EndGlobalSection
	GlobalSection(ProjectConfigurationPlatforms) = postSolution
		{B4936529-E7A4-4B10-9032-62B0D83A046D}.Debug|Any CPU.ActiveCfg = Debug|Any CPU
		{B4936529-E7A4-4B10-9032-62B0D83A046D}.Debug|Any CPU.Build.0 = Debug|Any CPU
		{B4936529-E7A4-4B10-9032-62B0D83A046D}.Release|Any CPU.ActiveCfg = Release|Any CPU
		{B4936529-E7A4-4B10-9032-62B0D83A046D}.Release|Any CPU.Build.0 = Release|Any CPU
	EndGlobalSection
	GlobalSection(SolutionProperties) = preSolution
		HideSolutionNode = FALSE
	EndGlobalSection
	GlobalSection(ExtensibilityGlobals) = postSolution
		SolutionGuid = {73CD647A-A2BA-4010-B149-F3F533720E7C}
	EndGlobalSection
EndGlobal
