
Microsoft Visual Studio Solution File, Format Version 12.00
# Visual Studio 15
VisualStudioVersion = 15.0.26124.0
MinimumVisualStudioVersion = 15.0.26124.0
Project("{FAE04EC0-301F-11D3-BF4B-00C04F79EFBC}") = "Fac.Service", "Fac.Service\Fac.Service.csproj", "{0B4F7EC2-0238-4951-9B56-EF75D33172B4}"
EndProject
Project("{FAE04EC0-301F-11D3-BF4B-00C04F79EFBC}") = "Mib.Processor", "Mib.Processor\Mib.Processor.csproj", "{F8F02CA3-DA5B-490B-9B63-EC1A57F4AFCA}"
EndProject
Project("{FAE04EC0-301F-11D3-BF4B-00C04F79EFBC}") = "Hub.Processor", "Hub.Processor\Hub.Processor.csproj", "{95338D66-36BB-4FE5-A180-BC33540358E0}"
EndProject
Project("{FAE04EC0-301F-11D3-BF4B-00C04F79EFBC}") = "Correspondence.Processor", "Correspondence.Processor\Correspondence.Processor.csproj", "{521414FC-F659-44FD-B01E-71AF081211B8}"
EndProject
Project("{FAE04EC0-301F-11D3-BF4B-00C04F79EFBC}") = "Case.Processor", "Case.Processor\Case.Processor.csproj", "{ECEC0FEE-675B-4C70-A7C8-F5F98CB498F1}"
EndProject
Project("{FAE04EC0-301F-11D3-BF4B-00C04F79EFBC}") = "Fac.Presentation.Blazor", "Fac.Presentation.Blazor\Fac.Presentation.Blazor.csproj", "{B63E1CA7-8A76-4464-9704-162EF1E1A6E5}"
EndProject
Global
	GlobalSection(SolutionConfigurationPlatforms) = preSolution
		Debug|Any CPU = Debug|Any CPU
		Debug|x64 = Debug|x64
		Debug|x86 = Debug|x86
		Release|Any CPU = Release|Any CPU
		Release|x64 = Release|x64
		Release|x86 = Release|x86
	EndGlobalSection
	GlobalSection(SolutionProperties) = preSolution
		HideSolutionNode = FALSE
	EndGlobalSection
	GlobalSection(ProjectConfigurationPlatforms) = postSolution
		{0B4F7EC2-0238-4951-9B56-EF75D33172B4}.Debug|Any CPU.ActiveCfg = Debug|Any CPU
		{0B4F7EC2-0238-4951-9B56-EF75D33172B4}.Debug|Any CPU.Build.0 = Debug|Any CPU
		{0B4F7EC2-0238-4951-9B56-EF75D33172B4}.Debug|x64.ActiveCfg = Debug|Any CPU
		{0B4F7EC2-0238-4951-9B56-EF75D33172B4}.Debug|x64.Build.0 = Debug|Any CPU
		{0B4F7EC2-0238-4951-9B56-EF75D33172B4}.Debug|x86.ActiveCfg = Debug|Any CPU
		{0B4F7EC2-0238-4951-9B56-EF75D33172B4}.Debug|x86.Build.0 = Debug|Any CPU
		{0B4F7EC2-0238-4951-9B56-EF75D33172B4}.Release|Any CPU.ActiveCfg = Release|Any CPU
		{0B4F7EC2-0238-4951-9B56-EF75D33172B4}.Release|Any CPU.Build.0 = Release|Any CPU
		{0B4F7EC2-0238-4951-9B56-EF75D33172B4}.Release|x64.ActiveCfg = Release|Any CPU
		{0B4F7EC2-0238-4951-9B56-EF75D33172B4}.Release|x64.Build.0 = Release|Any CPU
		{0B4F7EC2-0238-4951-9B56-EF75D33172B4}.Release|x86.ActiveCfg = Release|Any CPU
		{0B4F7EC2-0238-4951-9B56-EF75D33172B4}.Release|x86.Build.0 = Release|Any CPU
		{F8F02CA3-DA5B-490B-9B63-EC1A57F4AFCA}.Debug|Any CPU.ActiveCfg = Debug|Any CPU
		{F8F02CA3-DA5B-490B-9B63-EC1A57F4AFCA}.Debug|Any CPU.Build.0 = Debug|Any CPU
		{F8F02CA3-DA5B-490B-9B63-EC1A57F4AFCA}.Debug|x64.ActiveCfg = Debug|Any CPU
		{F8F02CA3-DA5B-490B-9B63-EC1A57F4AFCA}.Debug|x64.Build.0 = Debug|Any CPU
		{F8F02CA3-DA5B-490B-9B63-EC1A57F4AFCA}.Debug|x86.ActiveCfg = Debug|Any CPU
		{F8F02CA3-DA5B-490B-9B63-EC1A57F4AFCA}.Debug|x86.Build.0 = Debug|Any CPU
		{F8F02CA3-DA5B-490B-9B63-EC1A57F4AFCA}.Release|Any CPU.ActiveCfg = Release|Any CPU
		{F8F02CA3-DA5B-490B-9B63-EC1A57F4AFCA}.Release|Any CPU.Build.0 = Release|Any CPU
		{F8F02CA3-DA5B-490B-9B63-EC1A57F4AFCA}.Release|x64.ActiveCfg = Release|Any CPU
		{F8F02CA3-DA5B-490B-9B63-EC1A57F4AFCA}.Release|x64.Build.0 = Release|Any CPU
		{F8F02CA3-DA5B-490B-9B63-EC1A57F4AFCA}.Release|x86.ActiveCfg = Release|Any CPU
		{F8F02CA3-DA5B-490B-9B63-EC1A57F4AFCA}.Release|x86.Build.0 = Release|Any CPU
		{95338D66-36BB-4FE5-A180-BC33540358E0}.Debug|Any CPU.ActiveCfg = Debug|Any CPU
		{95338D66-36BB-4FE5-A180-BC33540358E0}.Debug|Any CPU.Build.0 = Debug|Any CPU
		{95338D66-36BB-4FE5-A180-BC33540358E0}.Debug|x64.ActiveCfg = Debug|Any CPU
		{95338D66-36BB-4FE5-A180-BC33540358E0}.Debug|x64.Build.0 = Debug|Any CPU
		{95338D66-36BB-4FE5-A180-BC33540358E0}.Debug|x86.ActiveCfg = Debug|Any CPU
		{95338D66-36BB-4FE5-A180-BC33540358E0}.Debug|x86.Build.0 = Debug|Any CPU
		{95338D66-36BB-4FE5-A180-BC33540358E0}.Release|Any CPU.ActiveCfg = Release|Any CPU
		{95338D66-36BB-4FE5-A180-BC33540358E0}.Release|Any CPU.Build.0 = Release|Any CPU
		{95338D66-36BB-4FE5-A180-BC33540358E0}.Release|x64.ActiveCfg = Release|Any CPU
		{95338D66-36BB-4FE5-A180-BC33540358E0}.Release|x64.Build.0 = Release|Any CPU
		{95338D66-36BB-4FE5-A180-BC33540358E0}.Release|x86.ActiveCfg = Release|Any CPU
		{95338D66-36BB-4FE5-A180-BC33540358E0}.Release|x86.Build.0 = Release|Any CPU
		{521414FC-F659-44FD-B01E-71AF081211B8}.Debug|Any CPU.ActiveCfg = Debug|Any CPU
		{521414FC-F659-44FD-B01E-71AF081211B8}.Debug|Any CPU.Build.0 = Debug|Any CPU
		{521414FC-F659-44FD-B01E-71AF081211B8}.Debug|x64.ActiveCfg = Debug|Any CPU
		{521414FC-F659-44FD-B01E-71AF081211B8}.Debug|x64.Build.0 = Debug|Any CPU
		{521414FC-F659-44FD-B01E-71AF081211B8}.Debug|x86.ActiveCfg = Debug|Any CPU
		{521414FC-F659-44FD-B01E-71AF081211B8}.Debug|x86.Build.0 = Debug|Any CPU
		{521414FC-F659-44FD-B01E-71AF081211B8}.Release|Any CPU.ActiveCfg = Release|Any CPU
		{521414FC-F659-44FD-B01E-71AF081211B8}.Release|Any CPU.Build.0 = Release|Any CPU
		{521414FC-F659-44FD-B01E-71AF081211B8}.Release|x64.ActiveCfg = Release|Any CPU
		{521414FC-F659-44FD-B01E-71AF081211B8}.Release|x64.Build.0 = Release|Any CPU
		{521414FC-F659-44FD-B01E-71AF081211B8}.Release|x86.ActiveCfg = Release|Any CPU
		{521414FC-F659-44FD-B01E-71AF081211B8}.Release|x86.Build.0 = Release|Any CPU
		{ECEC0FEE-675B-4C70-A7C8-F5F98CB498F1}.Debug|Any CPU.ActiveCfg = Debug|Any CPU
		{ECEC0FEE-675B-4C70-A7C8-F5F98CB498F1}.Debug|Any CPU.Build.0 = Debug|Any CPU
		{ECEC0FEE-675B-4C70-A7C8-F5F98CB498F1}.Debug|x64.ActiveCfg = Debug|Any CPU
		{ECEC0FEE-675B-4C70-A7C8-F5F98CB498F1}.Debug|x64.Build.0 = Debug|Any CPU
		{ECEC0FEE-675B-4C70-A7C8-F5F98CB498F1}.Debug|x86.ActiveCfg = Debug|Any CPU
		{ECEC0FEE-675B-4C70-A7C8-F5F98CB498F1}.Debug|x86.Build.0 = Debug|Any CPU
		{ECEC0FEE-675B-4C70-A7C8-F5F98CB498F1}.Release|Any CPU.ActiveCfg = Release|Any CPU
		{ECEC0FEE-675B-4C70-A7C8-F5F98CB498F1}.Release|Any CPU.Build.0 = Release|Any CPU
		{ECEC0FEE-675B-4C70-A7C8-F5F98CB498F1}.Release|x64.ActiveCfg = Release|Any CPU
		{ECEC0FEE-675B-4C70-A7C8-F5F98CB498F1}.Release|x64.Build.0 = Release|Any CPU
		{ECEC0FEE-675B-4C70-A7C8-F5F98CB498F1}.Release|x86.ActiveCfg = Release|Any CPU
		{ECEC0FEE-675B-4C70-A7C8-F5F98CB498F1}.Release|x86.Build.0 = Release|Any CPU
		{B63E1CA7-8A76-4464-9704-162EF1E1A6E5}.Debug|Any CPU.ActiveCfg = Debug|Any CPU
		{B63E1CA7-8A76-4464-9704-162EF1E1A6E5}.Debug|Any CPU.Build.0 = Debug|Any CPU
		{B63E1CA7-8A76-4464-9704-162EF1E1A6E5}.Debug|x64.ActiveCfg = Debug|Any CPU
		{B63E1CA7-8A76-4464-9704-162EF1E1A6E5}.Debug|x64.Build.0 = Debug|Any CPU
		{B63E1CA7-8A76-4464-9704-162EF1E1A6E5}.Debug|x86.ActiveCfg = Debug|Any CPU
		{B63E1CA7-8A76-4464-9704-162EF1E1A6E5}.Debug|x86.Build.0 = Debug|Any CPU
		{B63E1CA7-8A76-4464-9704-162EF1E1A6E5}.Release|Any CPU.ActiveCfg = Release|Any CPU
		{B63E1CA7-8A76-4464-9704-162EF1E1A6E5}.Release|Any CPU.Build.0 = Release|Any CPU
		{B63E1CA7-8A76-4464-9704-162EF1E1A6E5}.Release|x64.ActiveCfg = Release|Any CPU
		{B63E1CA7-8A76-4464-9704-162EF1E1A6E5}.Release|x64.Build.0 = Release|Any CPU
		{B63E1CA7-8A76-4464-9704-162EF1E1A6E5}.Release|x86.ActiveCfg = Release|Any CPU
		{B63E1CA7-8A76-4464-9704-162EF1E1A6E5}.Release|x86.Build.0 = Release|Any CPU
	EndGlobalSection
EndGlobal
